// !$*UTF8*$!
{
	archiveVersion = 1;
	classes = {
	};
	objectVersion = 46;
	objects = {

/* Begin PBXBuildFile section */
		5D0A313C1BAF4B890097DF10 /* apple.jpg in Resources */ = {isa = PBXBuildFile; fileRef = 5D0A312D1BAF4B890097DF10 /* apple.jpg */; settings = {ASSET_TAGS = (); }; };
		5D0A313D1BAF4B890097DF10 /* banana.jpg in Resources */ = {isa = PBXBuildFile; fileRef = 5D0A312E1BAF4B890097DF10 /* banana.jpg */; settings = {ASSET_TAGS = (); }; };
		5D0A313E1BAF4B890097DF10 /* black.jpg in Resources */ = {isa = PBXBuildFile; fileRef = 5D0A312F1BAF4B890097DF10 /* black.jpg */; settings = {ASSET_TAGS = (); }; };
		5D0A313F1BAF4B890097DF10 /* blue.jpg in Resources */ = {isa = PBXBuildFile; fileRef = 5D0A31301BAF4B890097DF10 /* blue.jpg */; settings = {ASSET_TAGS = (); }; };
		5D0A31401BAF4B890097DF10 /* brown.jpg in Resources */ = {isa = PBXBuildFile; fileRef = 5D0A31311BAF4B890097DF10 /* brown.jpg */; settings = {ASSET_TAGS = (); }; };
		5D0A31411BAF4B890097DF10 /* cherry.jpg in Resources */ = {isa = PBXBuildFile; fileRef = 5D0A31321BAF4B890097DF10 /* cherry.jpg */; settings = {ASSET_TAGS = (); }; };
		5D0A31421BAF4B890097DF10 /* green.jpg in Resources */ = {isa = PBXBuildFile; fileRef = 5D0A31331BAF4B890097DF10 /* green.jpg */; settings = {ASSET_TAGS = (); }; };
		5D0A31431BAF4B890097DF10 /* orange.jpg in Resources */ = {isa = PBXBuildFile; fileRef = 5D0A31341BAF4B890097DF10 /* orange.jpg */; settings = {ASSET_TAGS = (); }; };
		5D0A31441BAF4B890097DF10 /* pineapple.jpg in Resources */ = {isa = PBXBuildFile; fileRef = 5D0A31351BAF4B890097DF10 /* pineapple.jpg */; settings = {ASSET_TAGS = (); }; };
		5D0A31451BAF4B890097DF10 /* pink.jpg in Resources */ = {isa = PBXBuildFile; fileRef = 5D0A31361BAF4B890097DF10 /* pink.jpg */; settings = {ASSET_TAGS = (); }; };
		5D0A31461BAF4B890097DF10 /* purple.jpg in Resources */ = {isa = PBXBuildFile; fileRef = 5D0A31371BAF4B890097DF10 /* purple.jpg */; settings = {ASSET_TAGS = (); }; };
		5D0A31471BAF4B890097DF10 /* red.jpg in Resources */ = {isa = PBXBuildFile; fileRef = 5D0A31381BAF4B890097DF10 /* red.jpg */; settings = {ASSET_TAGS = (); }; };
		5D0A31481BAF4B890097DF10 /* strawberry.jpg in Resources */ = {isa = PBXBuildFile; fileRef = 5D0A31391BAF4B890097DF10 /* strawberry.jpg */; settings = {ASSET_TAGS = (); }; };
		5D0A31491BAF4B890097DF10 /* white.jpg in Resources */ = {isa = PBXBuildFile; fileRef = 5D0A313A1BAF4B890097DF10 /* white.jpg */; settings = {ASSET_TAGS = (); }; };
		5D0A314A1BAF4B890097DF10 /* yellow.jpg in Resources */ = {isa = PBXBuildFile; fileRef = 5D0A313B1BAF4B890097DF10 /* yellow.jpg */; settings = {ASSET_TAGS = (); }; };
		5D0A31541BAF4BB90097DF10 /* Back.jpg in Resources */ = {isa = PBXBuildFile; fileRef = 5D0A314C1BAF4BB90097DF10 /* Back.jpg */; settings = {ASSET_TAGS = (); }; };
		5D0A31551BAF4BB90097DF10 /* Back1.jpg in Resources */ = {isa = PBXBuildFile; fileRef = 5D0A314D1BAF4BB90097DF10 /* Back1.jpg */; settings = {ASSET_TAGS = (); }; };
		5D0A31561BAF4BB90097DF10 /* Button1.jpg in Resources */ = {isa = PBXBuildFile; fileRef = 5D0A314E1BAF4BB90097DF10 /* Button1.jpg */; settings = {ASSET_TAGS = (); }; };
		5D0A31571BAF4BB90097DF10 /* Button2.jpg in Resources */ = {isa = PBXBuildFile; fileRef = 5D0A314F1BAF4BB90097DF10 /* Button2.jpg */; settings = {ASSET_TAGS = (); }; };
		5D0A31581BAF4BB90097DF10 /* LittleIcon.jpg in Resources */ = {isa = PBXBuildFile; fileRef = 5D0A31501BAF4BB90097DF10 /* LittleIcon.jpg */; settings = {ASSET_TAGS = (); }; };
		5D0A31591BAF4BB90097DF10 /* Medal.jpg in Resources */ = {isa = PBXBuildFile; fileRef = 5D0A31511BAF4BB90097DF10 /* Medal.jpg */; settings = {ASSET_TAGS = (); }; };
		5D0A315A1BAF4BB90097DF10 /* Partes-04.png in Resources */ = {isa = PBXBuildFile; fileRef = 5D0A31521BAF4BB90097DF10 /* Partes-04.png */; settings = {ASSET_TAGS = (); }; };
		5D0A315B1BAF4BB90097DF10 /* Partes-05.png in Resources */ = {isa = PBXBuildFile; fileRef = 5D0A31531BAF4BB90097DF10 /* Partes-05.png */; settings = {ASSET_TAGS = (); }; };
		5D1C84561BADAC45009DBC9D /* AppDelegate.swift in Sources */ = {isa = PBXBuildFile; fileRef = 5D1C84551BADAC45009DBC9D /* AppDelegate.swift */; };
		5D1C84581BADAC45009DBC9D /* ViewController.swift in Sources */ = {isa = PBXBuildFile; fileRef = 5D1C84571BADAC45009DBC9D /* ViewController.swift */; };
		5D1C845B1BADAC45009DBC9D /* Main.storyboard in Resources */ = {isa = PBXBuildFile; fileRef = 5D1C84591BADAC45009DBC9D /* Main.storyboard */; };
		5D1C845D1BADAC45009DBC9D /* Assets.xcassets in Resources */ = {isa = PBXBuildFile; fileRef = 5D1C845C1BADAC45009DBC9D /* Assets.xcassets */; };
		5D1C84601BADAC45009DBC9D /* LaunchScreen.storyboard in Resources */ = {isa = PBXBuildFile; fileRef = 5D1C845E1BADAC45009DBC9D /* LaunchScreen.storyboard */; };
		5D1C846B1BADAC45009DBC9D /* Loteri_aTests.swift in Sources */ = {isa = PBXBuildFile; fileRef = 5D1C846A1BADAC45009DBC9D /* Loteri_aTests.swift */; };
		5D1C84761BADAC45009DBC9D /* Loteri_aUITests.swift in Sources */ = {isa = PBXBuildFile; fileRef = 5D1C84751BADAC45009DBC9D /* Loteri_aUITests.swift */; };
		5D46CED31BADF2AA00E6FC10 /* PlayerViewController.swift in Sources */ = {isa = PBXBuildFile; fileRef = 5D46CED21BADF2AA00E6FC10 /* PlayerViewController.swift */; settings = {ASSET_TAGS = (); }; };
		5DBEF2371BAF29BB005DF252 /* CategoriesViewController.swift in Sources */ = {isa = PBXBuildFile; fileRef = 5DBEF2361BAF29BB005DF252 /* CategoriesViewController.swift */; settings = {ASSET_TAGS = (); }; };
		5DE442071BAE890C00D9A44E /* AVFoundation.framework in Frameworks */ = {isa = PBXBuildFile; fileRef = 5DE442061BAE890C00D9A44E /* AVFoundation.framework */; };
		5DE442451BAE8EE500D9A44E /* backpack.jpg in Resources */ = {isa = PBXBuildFile; fileRef = 5DE442091BAE8EE500D9A44E /* backpack.jpg */; settings = {ASSET_TAGS = (); }; };
		5DE442461BAE8EE500D9A44E /* ball.jpg in Resources */ = {isa = PBXBuildFile; fileRef = 5DE4420A1BAE8EE500D9A44E /* ball.jpg */; settings = {ASSET_TAGS = (); }; };
		5DE442471BAE8EE500D9A44E /* bell.jpg in Resources */ = {isa = PBXBuildFile; fileRef = 5DE4420B1BAE8EE500D9A44E /* bell.jpg */; settings = {ASSET_TAGS = (); }; };
		5DE442481BAE8EE500D9A44E /* bicycle.jpg in Resources */ = {isa = PBXBuildFile; fileRef = 5DE4420C1BAE8EE500D9A44E /* bicycle.jpg */; settings = {ASSET_TAGS = (); }; };
		5DE442491BAE8EE500D9A44E /* books.jpg in Resources */ = {isa = PBXBuildFile; fileRef = 5DE4420D1BAE8EE500D9A44E /* books.jpg */; settings = {ASSET_TAGS = (); }; };
		5DE4424A1BAE8EE500D9A44E /* boot.jpg in Resources */ = {isa = PBXBuildFile; fileRef = 5DE4420E1BAE8EE500D9A44E /* boot.jpg */; settings = {ASSET_TAGS = (); }; };
		5DE4424B1BAE8EE500D9A44E /* brush.jpg in Resources */ = {isa = PBXBuildFile; fileRef = 5DE4420F1BAE8EE500D9A44E /* brush.jpg */; settings = {ASSET_TAGS = (); }; };
		5DE4424C1BAE8EE500D9A44E /* bucketpaint.jpg in Resources */ = {isa = PBXBuildFile; fileRef = 5DE442101BAE8EE500D9A44E /* bucketpaint.jpg */; settings = {ASSET_TAGS = (); }; };
		5DE4424D1BAE8EE500D9A44E /* camera.jpg in Resources */ = {isa = PBXBuildFile; fileRef = 5DE442111BAE8EE500D9A44E /* camera.jpg */; settings = {ASSET_TAGS = (); }; };
		5DE4424E1BAE8EE500D9A44E /* cap.jpg in Resources */ = {isa = PBXBuildFile; fileRef = 5DE442121BAE8EE500D9A44E /* cap.jpg */; settings = {ASSET_TAGS = (); }; };
		5DE4424F1BAE8EE500D9A44E /* car.jpg in Resources */ = {isa = PBXBuildFile; fileRef = 5DE442131BAE8EE500D9A44E /* car.jpg */; settings = {ASSET_TAGS = (); }; };
		5DE442501BAE8EE500D9A44E /* carrot.jpg in Resources */ = {isa = PBXBuildFile; fileRef = 5DE442141BAE8EE500D9A44E /* carrot.jpg */; settings = {ASSET_TAGS = (); }; };
		5DE442511BAE8EE500D9A44E /* cheese.jpg in Resources */ = {isa = PBXBuildFile; fileRef = 5DE442151BAE8EE500D9A44E /* cheese.jpg */; settings = {ASSET_TAGS = (); }; };
		5DE442521BAE8EE500D9A44E /* cloud.jpg in Resources */ = {isa = PBXBuildFile; fileRef = 5DE442161BAE8EE500D9A44E /* cloud.jpg */; settings = {ASSET_TAGS = (); }; };
		5DE442531BAE8EE500D9A44E /* computer.jpg in Resources */ = {isa = PBXBuildFile; fileRef = 5DE442171BAE8EE500D9A44E /* computer.jpg */; settings = {ASSET_TAGS = (); }; };
		5DE442541BAE8EE500D9A44E /* couch.jpg in Resources */ = {isa = PBXBuildFile; fileRef = 5DE442181BAE8EE500D9A44E /* couch.jpg */; settings = {ASSET_TAGS = (); }; };
		5DE442551BAE8EE500D9A44E /* drink.jpg in Resources */ = {isa = PBXBuildFile; fileRef = 5DE442191BAE8EE500D9A44E /* drink.jpg */; settings = {ASSET_TAGS = (); }; };
		5DE442561BAE8EE500D9A44E /* duck.jpg in Resources */ = {isa = PBXBuildFile; fileRef = 5DE4421A1BAE8EE500D9A44E /* duck.jpg */; settings = {ASSET_TAGS = (); }; };
		5DE442571BAE8EE500D9A44E /* factory.jpg in Resources */ = {isa = PBXBuildFile; fileRef = 5DE4421B1BAE8EE500D9A44E /* factory.jpg */; settings = {ASSET_TAGS = (); }; };
		5DE442581BAE8EE500D9A44E /* fire.jpg in Resources */ = {isa = PBXBuildFile; fileRef = 5DE4421C1BAE8EE500D9A44E /* fire.jpg */; settings = {ASSET_TAGS = (); }; };
		5DE442591BAE8EE500D9A44E /* flower.jpg in Resources */ = {isa = PBXBuildFile; fileRef = 5DE4421D1BAE8EE500D9A44E /* flower.jpg */; settings = {ASSET_TAGS = (); }; };
		5DE4425A1BAE8EE500D9A44E /* footprint.jpg in Resources */ = {isa = PBXBuildFile; fileRef = 5DE4421E1BAE8EE500D9A44E /* footprint.jpg */; settings = {ASSET_TAGS = (); }; };
		5DE4425B1BAE8EE500D9A44E /* fork.jpg in Resources */ = {isa = PBXBuildFile; fileRef = 5DE4421F1BAE8EE500D9A44E /* fork.jpg */; settings = {ASSET_TAGS = (); }; };
		5DE4425C1BAE8EE500D9A44E /* fridge.jpg in Resources */ = {isa = PBXBuildFile; fileRef = 5DE442201BAE8EE500D9A44E /* fridge.jpg */; settings = {ASSET_TAGS = (); }; };
		5DE4425D1BAE8EE500D9A44E /* gift.jpg in Resources */ = {isa = PBXBuildFile; fileRef = 5DE442211BAE8EE500D9A44E /* gift.jpg */; settings = {ASSET_TAGS = (); }; };
		5DE4425E1BAE8EE500D9A44E /* glasses.jpg in Resources */ = {isa = PBXBuildFile; fileRef = 5DE442221BAE8EE500D9A44E /* glasses.jpg */; settings = {ASSET_TAGS = (); }; };
		5DE4425F1BAE8EE500D9A44E /* guitar.jpg in Resources */ = {isa = PBXBuildFile; fileRef = 5DE442231BAE8EE500D9A44E /* guitar.jpg */; settings = {ASSET_TAGS = (); }; };
		5DE442601BAE8EE500D9A44E /* hammer.jpg in Resources */ = {isa = PBXBuildFile; fileRef = 5DE442241BAE8EE500D9A44E /* hammer.jpg */; settings = {ASSET_TAGS = (); }; };
		5DE442611BAE8EE500D9A44E /* heart.jpg in Resources */ = {isa = PBXBuildFile; fileRef = 5DE442251BAE8EE500D9A44E /* heart.jpg */; settings = {ASSET_TAGS = (); }; };
		5DE442621BAE8EE500D9A44E /* house.jpg in Resources */ = {isa = PBXBuildFile; fileRef = 5DE442261BAE8EE500D9A44E /* house.jpg */; settings = {ASSET_TAGS = (); }; };
		5DE442631BAE8EE500D9A44E /* jacket.jpg in Resources */ = {isa = PBXBuildFile; fileRef = 5DE442271BAE8EE500D9A44E /* jacket.jpg */; settings = {ASSET_TAGS = (); }; };
		5DE442641BAE8EE500D9A44E /* map.jpg in Resources */ = {isa = PBXBuildFile; fileRef = 5DE442281BAE8EE500D9A44E /* map.jpg */; settings = {ASSET_TAGS = (); }; };
		5DE442651BAE8EE500D9A44E /* microphone.jpg in Resources */ = {isa = PBXBuildFile; fileRef = 5DE442291BAE8EE500D9A44E /* microphone.jpg */; settings = {ASSET_TAGS = (); }; };
		5DE442661BAE8EE500D9A44E /* moustache.jpg in Resources */ = {isa = PBXBuildFile; fileRef = 5DE4422A1BAE8EE500D9A44E /* moustache.jpg */; settings = {ASSET_TAGS = (); }; };
		5DE442671BAE8EE500D9A44E /* music.jpg in Resources */ = {isa = PBXBuildFile; fileRef = 5DE4422B1BAE8EE500D9A44E /* music.jpg */; settings = {ASSET_TAGS = (); }; };
		5DE442681BAE8EE500D9A44E /* paintbrush.jpg in Resources */ = {isa = PBXBuildFile; fileRef = 5DE4422C1BAE8EE500D9A44E /* paintbrush.jpg */; settings = {ASSET_TAGS = (); }; };
		5DE442691BAE8EE500D9A44E /* pen.jpg in Resources */ = {isa = PBXBuildFile; fileRef = 5DE4422D1BAE8EE500D9A44E /* pen.jpg */; settings = {ASSET_TAGS = (); }; };
		5DE4426A1BAE8EE500D9A44E /* pencil.jpg in Resources */ = {isa = PBXBuildFile; fileRef = 5DE4422E1BAE8EE500D9A44E /* pencil.jpg */; settings = {ASSET_TAGS = (); }; };
		5DE4426B1BAE8EE500D9A44E /* phone.jpg in Resources */ = {isa = PBXBuildFile; fileRef = 5DE4422F1BAE8EE500D9A44E /* phone.jpg */; settings = {ASSET_TAGS = (); }; };
		5DE4426C1BAE8EE500D9A44E /* purse.jpg in Resources */ = {isa = PBXBuildFile; fileRef = 5DE442301BAE8EE500D9A44E /* purse.jpg */; settings = {ASSET_TAGS = (); }; };
		5DE4426D1BAE8EE500D9A44E /* radio.jpg in Resources */ = {isa = PBXBuildFile; fileRef = 5DE442311BAE8EE500D9A44E /* radio.jpg */; settings = {ASSET_TAGS = (); }; };
		5DE4426E1BAE8EE500D9A44E /* rocket.jpg in Resources */ = {isa = PBXBuildFile; fileRef = 5DE442321BAE8EE500D9A44E /* rocket.jpg */; settings = {ASSET_TAGS = (); }; };
		5DE4426F1BAE8EE500D9A44E /* ruler.jpg in Resources */ = {isa = PBXBuildFile; fileRef = 5DE442331BAE8EE500D9A44E /* ruler.jpg */; settings = {ASSET_TAGS = (); }; };
		5DE442701BAE8EE500D9A44E /* scissors.jpg in Resources */ = {isa = PBXBuildFile; fileRef = 5DE442341BAE8EE500D9A44E /* scissors.jpg */; settings = {ASSET_TAGS = (); }; };
		5DE442711BAE8EE500D9A44E /* screen.jpg in Resources */ = {isa = PBXBuildFile; fileRef = 5DE442351BAE8EE500D9A44E /* screen.jpg */; settings = {ASSET_TAGS = (); }; };
		5DE442721BAE8EE500D9A44E /* shirt.jpg in Resources */ = {isa = PBXBuildFile; fileRef = 5DE442361BAE8EE500D9A44E /* shirt.jpg */; settings = {ASSET_TAGS = (); }; };
		5DE442731BAE8EE500D9A44E /* shoe.jpg in Resources */ = {isa = PBXBuildFile; fileRef = 5DE442371BAE8EE500D9A44E /* shoe.jpg */; settings = {ASSET_TAGS = (); }; };
		5DE442741BAE8EE500D9A44E /* short.jpg in Resources */ = {isa = PBXBuildFile; fileRef = 5DE442381BAE8EE500D9A44E /* short.jpg */; settings = {ASSET_TAGS = (); }; };
		5DE442751BAE8EE500D9A44E /* skirt.jpg in Resources */ = {isa = PBXBuildFile; fileRef = 5DE442391BAE8EE500D9A44E /* skirt.jpg */; settings = {ASSET_TAGS = (); }; };
		5DE442761BAE8EE500D9A44E /* sock.jpg in Resources */ = {isa = PBXBuildFile; fileRef = 5DE4423A1BAE8EE500D9A44E /* sock.jpg */; settings = {ASSET_TAGS = (); }; };
		5DE442771BAE8EE500D9A44E /* star.jpg in Resources */ = {isa = PBXBuildFile; fileRef = 5DE4423B1BAE8EE500D9A44E /* star.jpg */; settings = {ASSET_TAGS = (); }; };
		5DE442781BAE8EE500D9A44E /* sun.jpg in Resources */ = {isa = PBXBuildFile; fileRef = 5DE4423C1BAE8EE500D9A44E /* sun.jpg */; settings = {ASSET_TAGS = (); }; };
		5DE442791BAE8EE500D9A44E /* t-shirt.jpg in Resources */ = {isa = PBXBuildFile; fileRef = 5DE4423D1BAE8EE500D9A44E /* t-shirt.jpg */; settings = {ASSET_TAGS = (); }; };
		5DE4427A1BAE8EE500D9A44E /* tie.jpg in Resources */ = {isa = PBXBuildFile; fileRef = 5DE4423E1BAE8EE500D9A44E /* tie.jpg */; settings = {ASSET_TAGS = (); }; };
		5DE4427B1BAE8EE500D9A44E /* tree.jpg in Resources */ = {isa = PBXBuildFile; fileRef = 5DE4423F1BAE8EE500D9A44E /* tree.jpg */; settings = {ASSET_TAGS = (); }; };
		5DE4427C1BAE8EE500D9A44E /* troussers.jpg in Resources */ = {isa = PBXBuildFile; fileRef = 5DE442401BAE8EE500D9A44E /* troussers.jpg */; settings = {ASSET_TAGS = (); }; };
		5DE4427D1BAE8EE500D9A44E /* truck.jpg in Resources */ = {isa = PBXBuildFile; fileRef = 5DE442411BAE8EE500D9A44E /* truck.jpg */; settings = {ASSET_TAGS = (); }; };
		5DE4427E1BAE8EE500D9A44E /* umbrella.jpg in Resources */ = {isa = PBXBuildFile; fileRef = 5DE442421BAE8EE500D9A44E /* umbrella.jpg */; settings = {ASSET_TAGS = (); }; };
		5DE4427F1BAE8EE500D9A44E /* wallet.jpg in Resources */ = {isa = PBXBuildFile; fileRef = 5DE442431BAE8EE500D9A44E /* wallet.jpg */; settings = {ASSET_TAGS = (); }; };
		5DE442801BAE8EE500D9A44E /* weather.jpg in Resources */ = {isa = PBXBuildFile; fileRef = 5DE442441BAE8EE500D9A44E /* weather.jpg */; settings = {ASSET_TAGS = (); }; };
		5DE442871BAE948A00D9A44E /* pause.png in Resources */ = {isa = PBXBuildFile; fileRef = 5DE442851BAE948A00D9A44E /* pause.png */; settings = {ASSET_TAGS = (); }; };
		5DE442881BAE948A00D9A44E /* play.png in Resources */ = {isa = PBXBuildFile; fileRef = 5DE442861BAE948A00D9A44E /* play.png */; settings = {ASSET_TAGS = (); }; };
		5DE54B7F1BADDD5800689644 /* VoiceViewController.swift in Sources */ = {isa = PBXBuildFile; fileRef = 5DE54B7E1BADDD5800689644 /* VoiceViewController.swift */; settings = {ASSET_TAGS = (); }; };
/* End PBXBuildFile section */

/* Begin PBXContainerItemProxy section */
		5D1C84671BADAC45009DBC9D /* PBXContainerItemProxy */ = {
			isa = PBXContainerItemProxy;
			containerPortal = 5D1C844A1BADAC45009DBC9D /* Project object */;
			proxyType = 1;
			remoteGlobalIDString = 5D1C84511BADAC45009DBC9D;
			remoteInfo = "Lotería";
		};
		5D1C84721BADAC45009DBC9D /* PBXContainerItemProxy */ = {
			isa = PBXContainerItemProxy;
			containerPortal = 5D1C844A1BADAC45009DBC9D /* Project object */;
			proxyType = 1;
			remoteGlobalIDString = 5D1C84511BADAC45009DBC9D;
			remoteInfo = "Lotería";
		};
/* End PBXContainerItemProxy section */

/* Begin PBXFileReference section */
		5D0A312D1BAF4B890097DF10 /* apple.jpg */ = {isa = PBXFileReference; lastKnownFileType = image.jpeg; path = apple.jpg; sourceTree = "<group>"; };
		5D0A312E1BAF4B890097DF10 /* banana.jpg */ = {isa = PBXFileReference; lastKnownFileType = image.jpeg; path = banana.jpg; sourceTree = "<group>"; };
		5D0A312F1BAF4B890097DF10 /* black.jpg */ = {isa = PBXFileReference; lastKnownFileType = image.jpeg; path = black.jpg; sourceTree = "<group>"; };
		5D0A31301BAF4B890097DF10 /* blue.jpg */ = {isa = PBXFileReference; lastKnownFileType = image.jpeg; path = blue.jpg; sourceTree = "<group>"; };
		5D0A31311BAF4B890097DF10 /* brown.jpg */ = {isa = PBXFileReference; lastKnownFileType = image.jpeg; path = brown.jpg; sourceTree = "<group>"; };
		5D0A31321BAF4B890097DF10 /* cherry.jpg */ = {isa = PBXFileReference; lastKnownFileType = image.jpeg; path = cherry.jpg; sourceTree = "<group>"; };
		5D0A31331BAF4B890097DF10 /* green.jpg */ = {isa = PBXFileReference; lastKnownFileType = image.jpeg; path = green.jpg; sourceTree = "<group>"; };
		5D0A31341BAF4B890097DF10 /* orange.jpg */ = {isa = PBXFileReference; lastKnownFileType = image.jpeg; path = orange.jpg; sourceTree = "<group>"; };
		5D0A31351BAF4B890097DF10 /* pineapple.jpg */ = {isa = PBXFileReference; lastKnownFileType = image.jpeg; path = pineapple.jpg; sourceTree = "<group>"; };
		5D0A31361BAF4B890097DF10 /* pink.jpg */ = {isa = PBXFileReference; lastKnownFileType = image.jpeg; path = pink.jpg; sourceTree = "<group>"; };
		5D0A31371BAF4B890097DF10 /* purple.jpg */ = {isa = PBXFileReference; lastKnownFileType = image.jpeg; path = purple.jpg; sourceTree = "<group>"; };
		5D0A31381BAF4B890097DF10 /* red.jpg */ = {isa = PBXFileReference; lastKnownFileType = image.jpeg; path = red.jpg; sourceTree = "<group>"; };
		5D0A31391BAF4B890097DF10 /* strawberry.jpg */ = {isa = PBXFileReference; lastKnownFileType = image.jpeg; path = strawberry.jpg; sourceTree = "<group>"; };
		5D0A313A1BAF4B890097DF10 /* white.jpg */ = {isa = PBXFileReference; lastKnownFileType = image.jpeg; path = white.jpg; sourceTree = "<group>"; };
		5D0A313B1BAF4B890097DF10 /* yellow.jpg */ = {isa = PBXFileReference; lastKnownFileType = image.jpeg; path = yellow.jpg; sourceTree = "<group>"; };
		5D0A314C1BAF4BB90097DF10 /* Back.jpg */ = {isa = PBXFileReference; lastKnownFileType = image.jpeg; path = Back.jpg; sourceTree = "<group>"; };
		5D0A314D1BAF4BB90097DF10 /* Back1.jpg */ = {isa = PBXFileReference; lastKnownFileType = image.jpeg; path = Back1.jpg; sourceTree = "<group>"; };
		5D0A314E1BAF4BB90097DF10 /* Button1.jpg */ = {isa = PBXFileReference; lastKnownFileType = image.jpeg; path = Button1.jpg; sourceTree = "<group>"; };
		5D0A314F1BAF4BB90097DF10 /* Button2.jpg */ = {isa = PBXFileReference; lastKnownFileType = image.jpeg; path = Button2.jpg; sourceTree = "<group>"; };
		5D0A31501BAF4BB90097DF10 /* LittleIcon.jpg */ = {isa = PBXFileReference; lastKnownFileType = image.jpeg; path = LittleIcon.jpg; sourceTree = "<group>"; };
		5D0A31511BAF4BB90097DF10 /* Medal.jpg */ = {isa = PBXFileReference; lastKnownFileType = image.jpeg; path = Medal.jpg; sourceTree = "<group>"; };
		5D0A31521BAF4BB90097DF10 /* Partes-04.png */ = {isa = PBXFileReference; lastKnownFileType = image.png; path = "Partes-04.png"; sourceTree = "<group>"; };
		5D0A31531BAF4BB90097DF10 /* Partes-05.png */ = {isa = PBXFileReference; lastKnownFileType = image.png; path = "Partes-05.png"; sourceTree = "<group>"; };
		5D1C84521BADAC45009DBC9D /* Lotería.app */ = {isa = PBXFileReference; explicitFileType = wrapper.application; includeInIndex = 0; path = "Lotería.app"; sourceTree = BUILT_PRODUCTS_DIR; };
		5D1C84551BADAC45009DBC9D /* AppDelegate.swift */ = {isa = PBXFileReference; lastKnownFileType = sourcecode.swift; path = AppDelegate.swift; sourceTree = "<group>"; };
		5D1C84571BADAC45009DBC9D /* ViewController.swift */ = {isa = PBXFileReference; lastKnownFileType = sourcecode.swift; path = ViewController.swift; sourceTree = "<group>"; };
		5D1C845A1BADAC45009DBC9D /* Base */ = {isa = PBXFileReference; lastKnownFileType = file.storyboard; name = Base; path = Base.lproj/Main.storyboard; sourceTree = "<group>"; };
		5D1C845C1BADAC45009DBC9D /* Assets.xcassets */ = {isa = PBXFileReference; lastKnownFileType = folder.assetcatalog; path = Assets.xcassets; sourceTree = "<group>"; };
		5D1C845F1BADAC45009DBC9D /* Base */ = {isa = PBXFileReference; lastKnownFileType = file.storyboard; name = Base; path = Base.lproj/LaunchScreen.storyboard; sourceTree = "<group>"; };
		5D1C84611BADAC45009DBC9D /* Info.plist */ = {isa = PBXFileReference; lastKnownFileType = text.plist.xml; path = Info.plist; sourceTree = "<group>"; };
		5D1C84661BADAC45009DBC9D /* LoteríaTests.xctest */ = {isa = PBXFileReference; explicitFileType = wrapper.cfbundle; includeInIndex = 0; path = "LoteríaTests.xctest"; sourceTree = BUILT_PRODUCTS_DIR; };
		5D1C846A1BADAC45009DBC9D /* Loteri_aTests.swift */ = {isa = PBXFileReference; lastKnownFileType = sourcecode.swift; path = Loteri_aTests.swift; sourceTree = "<group>"; };
		5D1C846C1BADAC45009DBC9D /* Info.plist */ = {isa = PBXFileReference; lastKnownFileType = text.plist.xml; path = Info.plist; sourceTree = "<group>"; };
		5D1C84711BADAC45009DBC9D /* LoteríaUITests.xctest */ = {isa = PBXFileReference; explicitFileType = wrapper.cfbundle; includeInIndex = 0; path = "LoteríaUITests.xctest"; sourceTree = BUILT_PRODUCTS_DIR; };
		5D1C84751BADAC45009DBC9D /* Loteri_aUITests.swift */ = {isa = PBXFileReference; lastKnownFileType = sourcecode.swift; path = Loteri_aUITests.swift; sourceTree = "<group>"; };
		5D1C84771BADAC45009DBC9D /* Info.plist */ = {isa = PBXFileReference; lastKnownFileType = text.plist.xml; path = Info.plist; sourceTree = "<group>"; };
		5D46CED21BADF2AA00E6FC10 /* PlayerViewController.swift */ = {isa = PBXFileReference; fileEncoding = 4; lastKnownFileType = sourcecode.swift; path = PlayerViewController.swift; sourceTree = "<group>"; };
		5DBEF2361BAF29BB005DF252 /* CategoriesViewController.swift */ = {isa = PBXFileReference; fileEncoding = 4; lastKnownFileType = sourcecode.swift; path = CategoriesViewController.swift; sourceTree = "<group>"; };
		5DE442061BAE890C00D9A44E /* AVFoundation.framework */ = {isa = PBXFileReference; lastKnownFileType = wrapper.framework; name = AVFoundation.framework; path = System/Library/Frameworks/AVFoundation.framework; sourceTree = SDKROOT; };
		5DE442091BAE8EE500D9A44E /* backpack.jpg */ = {isa = PBXFileReference; lastKnownFileType = image.jpeg; path = backpack.jpg; sourceTree = "<group>"; };
		5DE4420A1BAE8EE500D9A44E /* ball.jpg */ = {isa = PBXFileReference; lastKnownFileType = image.jpeg; path = ball.jpg; sourceTree = "<group>"; };
		5DE4420B1BAE8EE500D9A44E /* bell.jpg */ = {isa = PBXFileReference; lastKnownFileType = image.jpeg; path = bell.jpg; sourceTree = "<group>"; };
		5DE4420C1BAE8EE500D9A44E /* bicycle.jpg */ = {isa = PBXFileReference; lastKnownFileType = image.jpeg; path = bicycle.jpg; sourceTree = "<group>"; };
		5DE4420D1BAE8EE500D9A44E /* books.jpg */ = {isa = PBXFileReference; lastKnownFileType = image.jpeg; path = books.jpg; sourceTree = "<group>"; };
		5DE4420E1BAE8EE500D9A44E /* boot.jpg */ = {isa = PBXFileReference; lastKnownFileType = image.jpeg; path = boot.jpg; sourceTree = "<group>"; };
		5DE4420F1BAE8EE500D9A44E /* brush.jpg */ = {isa = PBXFileReference; lastKnownFileType = image.jpeg; path = brush.jpg; sourceTree = "<group>"; };
		5DE442101BAE8EE500D9A44E /* bucketpaint.jpg */ = {isa = PBXFileReference; lastKnownFileType = image.jpeg; path = bucketpaint.jpg; sourceTree = "<group>"; };
		5DE442111BAE8EE500D9A44E /* camera.jpg */ = {isa = PBXFileReference; lastKnownFileType = image.jpeg; path = camera.jpg; sourceTree = "<group>"; };
		5DE442121BAE8EE500D9A44E /* cap.jpg */ = {isa = PBXFileReference; lastKnownFileType = image.jpeg; path = cap.jpg; sourceTree = "<group>"; };
		5DE442131BAE8EE500D9A44E /* car.jpg */ = {isa = PBXFileReference; lastKnownFileType = image.jpeg; path = car.jpg; sourceTree = "<group>"; };
		5DE442141BAE8EE500D9A44E /* carrot.jpg */ = {isa = PBXFileReference; lastKnownFileType = image.jpeg; path = carrot.jpg; sourceTree = "<group>"; };
		5DE442151BAE8EE500D9A44E /* cheese.jpg */ = {isa = PBXFileReference; lastKnownFileType = image.jpeg; path = cheese.jpg; sourceTree = "<group>"; };
		5DE442161BAE8EE500D9A44E /* cloud.jpg */ = {isa = PBXFileReference; lastKnownFileType = image.jpeg; path = cloud.jpg; sourceTree = "<group>"; };
		5DE442171BAE8EE500D9A44E /* computer.jpg */ = {isa = PBXFileReference; lastKnownFileType = image.jpeg; path = computer.jpg; sourceTree = "<group>"; };
		5DE442181BAE8EE500D9A44E /* couch.jpg */ = {isa = PBXFileReference; lastKnownFileType = image.jpeg; path = couch.jpg; sourceTree = "<group>"; };
		5DE442191BAE8EE500D9A44E /* drink.jpg */ = {isa = PBXFileReference; lastKnownFileType = image.jpeg; path = drink.jpg; sourceTree = "<group>"; };
		5DE4421A1BAE8EE500D9A44E /* duck.jpg */ = {isa = PBXFileReference; lastKnownFileType = image.jpeg; path = duck.jpg; sourceTree = "<group>"; };
		5DE4421B1BAE8EE500D9A44E /* factory.jpg */ = {isa = PBXFileReference; lastKnownFileType = image.jpeg; path = factory.jpg; sourceTree = "<group>"; };
		5DE4421C1BAE8EE500D9A44E /* fire.jpg */ = {isa = PBXFileReference; lastKnownFileType = image.jpeg; path = fire.jpg; sourceTree = "<group>"; };
		5DE4421D1BAE8EE500D9A44E /* flower.jpg */ = {isa = PBXFileReference; lastKnownFileType = image.jpeg; path = flower.jpg; sourceTree = "<group>"; };
		5DE4421E1BAE8EE500D9A44E /* footprint.jpg */ = {isa = PBXFileReference; lastKnownFileType = image.jpeg; path = footprint.jpg; sourceTree = "<group>"; };
		5DE4421F1BAE8EE500D9A44E /* fork.jpg */ = {isa = PBXFileReference; lastKnownFileType = image.jpeg; path = fork.jpg; sourceTree = "<group>"; };
		5DE442201BAE8EE500D9A44E /* fridge.jpg */ = {isa = PBXFileReference; lastKnownFileType = image.jpeg; path = fridge.jpg; sourceTree = "<group>"; };
		5DE442211BAE8EE500D9A44E /* gift.jpg */ = {isa = PBXFileReference; lastKnownFileType = image.jpeg; path = gift.jpg; sourceTree = "<group>"; };
		5DE442221BAE8EE500D9A44E /* glasses.jpg */ = {isa = PBXFileReference; lastKnownFileType = image.jpeg; path = glasses.jpg; sourceTree = "<group>"; };
		5DE442231BAE8EE500D9A44E /* guitar.jpg */ = {isa = PBXFileReference; lastKnownFileType = image.jpeg; path = guitar.jpg; sourceTree = "<group>"; };
		5DE442241BAE8EE500D9A44E /* hammer.jpg */ = {isa = PBXFileReference; lastKnownFileType = image.jpeg; path = hammer.jpg; sourceTree = "<group>"; };
		5DE442251BAE8EE500D9A44E /* heart.jpg */ = {isa = PBXFileReference; lastKnownFileType = image.jpeg; path = heart.jpg; sourceTree = "<group>"; };
		5DE442261BAE8EE500D9A44E /* house.jpg */ = {isa = PBXFileReference; lastKnownFileType = image.jpeg; path = house.jpg; sourceTree = "<group>"; };
		5DE442271BAE8EE500D9A44E /* jacket.jpg */ = {isa = PBXFileReference; lastKnownFileType = image.jpeg; path = jacket.jpg; sourceTree = "<group>"; };
		5DE442281BAE8EE500D9A44E /* map.jpg */ = {isa = PBXFileReference; lastKnownFileType = image.jpeg; path = map.jpg; sourceTree = "<group>"; };
		5DE442291BAE8EE500D9A44E /* microphone.jpg */ = {isa = PBXFileReference; lastKnownFileType = image.jpeg; path = microphone.jpg; sourceTree = "<group>"; };
		5DE4422A1BAE8EE500D9A44E /* moustache.jpg */ = {isa = PBXFileReference; lastKnownFileType = image.jpeg; path = moustache.jpg; sourceTree = "<group>"; };
		5DE4422B1BAE8EE500D9A44E /* music.jpg */ = {isa = PBXFileReference; lastKnownFileType = image.jpeg; path = music.jpg; sourceTree = "<group>"; };
		5DE4422C1BAE8EE500D9A44E /* paintbrush.jpg */ = {isa = PBXFileReference; lastKnownFileType = image.jpeg; path = paintbrush.jpg; sourceTree = "<group>"; };
		5DE4422D1BAE8EE500D9A44E /* pen.jpg */ = {isa = PBXFileReference; lastKnownFileType = image.jpeg; path = pen.jpg; sourceTree = "<group>"; };
		5DE4422E1BAE8EE500D9A44E /* pencil.jpg */ = {isa = PBXFileReference; lastKnownFileType = image.jpeg; path = pencil.jpg; sourceTree = "<group>"; };
		5DE4422F1BAE8EE500D9A44E /* phone.jpg */ = {isa = PBXFileReference; lastKnownFileType = image.jpeg; path = phone.jpg; sourceTree = "<group>"; };
		5DE442301BAE8EE500D9A44E /* purse.jpg */ = {isa = PBXFileReference; lastKnownFileType = image.jpeg; path = purse.jpg; sourceTree = "<group>"; };
		5DE442311BAE8EE500D9A44E /* radio.jpg */ = {isa = PBXFileReference; lastKnownFileType = image.jpeg; path = radio.jpg; sourceTree = "<group>"; };
		5DE442321BAE8EE500D9A44E /* rocket.jpg */ = {isa = PBXFileReference; lastKnownFileType = image.jpeg; path = rocket.jpg; sourceTree = "<group>"; };
		5DE442331BAE8EE500D9A44E /* ruler.jpg */ = {isa = PBXFileReference; lastKnownFileType = image.jpeg; path = ruler.jpg; sourceTree = "<group>"; };
		5DE442341BAE8EE500D9A44E /* scissors.jpg */ = {isa = PBXFileReference; lastKnownFileType = image.jpeg; path = scissors.jpg; sourceTree = "<group>"; };
		5DE442351BAE8EE500D9A44E /* screen.jpg */ = {isa = PBXFileReference; lastKnownFileType = image.jpeg; path = screen.jpg; sourceTree = "<group>"; };
		5DE442361BAE8EE500D9A44E /* shirt.jpg */ = {isa = PBXFileReference; lastKnownFileType = image.jpeg; path = shirt.jpg; sourceTree = "<group>"; };
		5DE442371BAE8EE500D9A44E /* shoe.jpg */ = {isa = PBXFileReference; lastKnownFileType = image.jpeg; path = shoe.jpg; sourceTree = "<group>"; };
		5DE442381BAE8EE500D9A44E /* short.jpg */ = {isa = PBXFileReference; lastKnownFileType = image.jpeg; path = short.jpg; sourceTree = "<group>"; };
		5DE442391BAE8EE500D9A44E /* skirt.jpg */ = {isa = PBXFileReference; lastKnownFileType = image.jpeg; path = skirt.jpg; sourceTree = "<group>"; };
		5DE4423A1BAE8EE500D9A44E /* sock.jpg */ = {isa = PBXFileReference; lastKnownFileType = image.jpeg; path = sock.jpg; sourceTree = "<group>"; };
		5DE4423B1BAE8EE500D9A44E /* star.jpg */ = {isa = PBXFileReference; lastKnownFileType = image.jpeg; path = star.jpg; sourceTree = "<group>"; };
		5DE4423C1BAE8EE500D9A44E /* sun.jpg */ = {isa = PBXFileReference; lastKnownFileType = image.jpeg; path = sun.jpg; sourceTree = "<group>"; };
		5DE4423D1BAE8EE500D9A44E /* t-shirt.jpg */ = {isa = PBXFileReference; lastKnownFileType = image.jpeg; path = "t-shirt.jpg"; sourceTree = "<group>"; };
		5DE4423E1BAE8EE500D9A44E /* tie.jpg */ = {isa = PBXFileReference; lastKnownFileType = image.jpeg; path = tie.jpg; sourceTree = "<group>"; };
		5DE4423F1BAE8EE500D9A44E /* tree.jpg */ = {isa = PBXFileReference; lastKnownFileType = image.jpeg; path = tree.jpg; sourceTree = "<group>"; };
		5DE442401BAE8EE500D9A44E /* troussers.jpg */ = {isa = PBXFileReference; lastKnownFileType = image.jpeg; path = troussers.jpg; sourceTree = "<group>"; };
		5DE442411BAE8EE500D9A44E /* truck.jpg */ = {isa = PBXFileReference; lastKnownFileType = image.jpeg; path = truck.jpg; sourceTree = "<group>"; };
		5DE442421BAE8EE500D9A44E /* umbrella.jpg */ = {isa = PBXFileReference; lastKnownFileType = image.jpeg; path = umbrella.jpg; sourceTree = "<group>"; };
		5DE442431BAE8EE500D9A44E /* wallet.jpg */ = {isa = PBXFileReference; lastKnownFileType = image.jpeg; path = wallet.jpg; sourceTree = "<group>"; };
		5DE442441BAE8EE500D9A44E /* weather.jpg */ = {isa = PBXFileReference; lastKnownFileType = image.jpeg; path = weather.jpg; sourceTree = "<group>"; };
		5DE442851BAE948A00D9A44E /* pause.png */ = {isa = PBXFileReference; lastKnownFileType = image.png; path = pause.png; sourceTree = "<group>"; };
		5DE442861BAE948A00D9A44E /* play.png */ = {isa = PBXFileReference; lastKnownFileType = image.png; path = play.png; sourceTree = "<group>"; };
		5DE54B7E1BADDD5800689644 /* VoiceViewController.swift */ = {isa = PBXFileReference; fileEncoding = 4; lastKnownFileType = sourcecode.swift; path = VoiceViewController.swift; sourceTree = "<group>"; };
/* End PBXFileReference section */

/* Begin PBXFrameworksBuildPhase section */
		5D1C844F1BADAC45009DBC9D /* Frameworks */ = {
			isa = PBXFrameworksBuildPhase;
			buildActionMask = 2147483647;
			files = (
				5DE442071BAE890C00D9A44E /* AVFoundation.framework in Frameworks */,
			);
			runOnlyForDeploymentPostprocessing = 0;
		};
		5D1C84631BADAC45009DBC9D /* Frameworks */ = {
			isa = PBXFrameworksBuildPhase;
			buildActionMask = 2147483647;
			files = (
			);
			runOnlyForDeploymentPostprocessing = 0;
		};
		5D1C846E1BADAC45009DBC9D /* Frameworks */ = {
			isa = PBXFrameworksBuildPhase;
			buildActionMask = 2147483647;
			files = (
			);
			runOnlyForDeploymentPostprocessing = 0;
		};
/* End PBXFrameworksBuildPhase section */

/* Begin PBXGroup section */
		5D0A312C1BAF4B700097DF10 /* Fruits and Colors */ = {
			isa = PBXGroup;
			children = (
				5D0A312D1BAF4B890097DF10 /* apple.jpg */,
				5D0A312E1BAF4B890097DF10 /* banana.jpg */,
				5D0A312F1BAF4B890097DF10 /* black.jpg */,
				5D0A31301BAF4B890097DF10 /* blue.jpg */,
				5D0A31311BAF4B890097DF10 /* brown.jpg */,
				5D0A31321BAF4B890097DF10 /* cherry.jpg */,
				5D0A31331BAF4B890097DF10 /* green.jpg */,
				5D0A31341BAF4B890097DF10 /* orange.jpg */,
				5D0A31351BAF4B890097DF10 /* pineapple.jpg */,
				5D0A31361BAF4B890097DF10 /* pink.jpg */,
				5D0A31371BAF4B890097DF10 /* purple.jpg */,
				5D0A31381BAF4B890097DF10 /* red.jpg */,
				5D0A31391BAF4B890097DF10 /* strawberry.jpg */,
				5D0A313A1BAF4B890097DF10 /* white.jpg */,
				5D0A313B1BAF4B890097DF10 /* yellow.jpg */,
			);
			name = "Fruits and Colors";
			sourceTree = "<group>";
		};
		5D0A314B1BAF4B970097DF10 /* App */ = {
			isa = PBXGroup;
			children = (
				5DE442851BAE948A00D9A44E /* pause.png */,
				5DE442861BAE948A00D9A44E /* play.png */,
				5D0A314C1BAF4BB90097DF10 /* Back.jpg */,
				5D0A314D1BAF4BB90097DF10 /* Back1.jpg */,
				5D0A314E1BAF4BB90097DF10 /* Button1.jpg */,
				5D0A314F1BAF4BB90097DF10 /* Button2.jpg */,
				5D0A31501BAF4BB90097DF10 /* LittleIcon.jpg */,
				5D0A31511BAF4BB90097DF10 /* Medal.jpg */,
				5D0A31521BAF4BB90097DF10 /* Partes-04.png */,
				5D0A31531BAF4BB90097DF10 /* Partes-05.png */,
			);
			name = App;
			sourceTree = "<group>";
		};
		5D1C84491BADAC45009DBC9D = {
			isa = PBXGroup;
			children = (
				5DE442061BAE890C00D9A44E /* AVFoundation.framework */,
				5D1C84541BADAC45009DBC9D /* Lotería */,
				5D1C84691BADAC45009DBC9D /* LoteríaTests */,
				5D1C84741BADAC45009DBC9D /* LoteríaUITests */,
				5D1C84531BADAC45009DBC9D /* Products */,
			);
			sourceTree = "<group>";
		};
		5D1C84531BADAC45009DBC9D /* Products */ = {
			isa = PBXGroup;
			children = (
				5D1C84521BADAC45009DBC9D /* Lotería.app */,
				5D1C84661BADAC45009DBC9D /* LoteríaTests.xctest */,
				5D1C84711BADAC45009DBC9D /* LoteríaUITests.xctest */,
			);
			name = Products;
			sourceTree = "<group>";
		};
		5D1C84541BADAC45009DBC9D /* Lotería */ = {
			isa = PBXGroup;
			children = (
				5D1C84551BADAC45009DBC9D /* AppDelegate.swift */,
				5D1C84571BADAC45009DBC9D /* ViewController.swift */,
				5D46CED21BADF2AA00E6FC10 /* PlayerViewController.swift */,
				5DE54B7E1BADDD5800689644 /* VoiceViewController.swift */,
				5DBEF2361BAF29BB005DF252 /* CategoriesViewController.swift */,
				5D1C84591BADAC45009DBC9D /* Main.storyboard */,
				5D1C845C1BADAC45009DBC9D /* Assets.xcassets */,
				5D1C845E1BADAC45009DBC9D /* LaunchScreen.storyboard */,
				5D1C84611BADAC45009DBC9D /* Info.plist */,
				5D46CED61BAE048500E6FC10 /* Images */,
			);
			path = "Lotería";
			sourceTree = "<group>";
		};
		5D1C84691BADAC45009DBC9D /* LoteríaTests */ = {
			isa = PBXGroup;
			children = (
				5D1C846A1BADAC45009DBC9D /* Loteri_aTests.swift */,
				5D1C846C1BADAC45009DBC9D /* Info.plist */,
			);
			path = "LoteríaTests";
			sourceTree = "<group>";
		};
		5D1C84741BADAC45009DBC9D /* LoteríaUITests */ = {
			isa = PBXGroup;
			children = (
				5D1C84751BADAC45009DBC9D /* Loteri_aUITests.swift */,
				5D1C84771BADAC45009DBC9D /* Info.plist */,
			);
			path = "LoteríaUITests";
			sourceTree = "<group>";
		};
		5D46CED61BAE048500E6FC10 /* Images */ = {
			isa = PBXGroup;
			children = (
				5D0A314B1BAF4B970097DF10 /* App */,
				5D0A312C1BAF4B700097DF10 /* Fruits and Colors */,
				5DE442081BAE8D1A00D9A44E /* Objects */,
			);
			name = Images;
			sourceTree = "<group>";
		};
		5DE442081BAE8D1A00D9A44E /* Objects */ = {
			isa = PBXGroup;
			children = (
				5DE442091BAE8EE500D9A44E /* backpack.jpg */,
				5DE4420A1BAE8EE500D9A44E /* ball.jpg */,
				5DE4420B1BAE8EE500D9A44E /* bell.jpg */,
				5DE4420C1BAE8EE500D9A44E /* bicycle.jpg */,
				5DE4420D1BAE8EE500D9A44E /* books.jpg */,
				5DE4420E1BAE8EE500D9A44E /* boot.jpg */,
				5DE4420F1BAE8EE500D9A44E /* brush.jpg */,
				5DE442101BAE8EE500D9A44E /* bucketpaint.jpg */,
				5DE442111BAE8EE500D9A44E /* camera.jpg */,
				5DE442121BAE8EE500D9A44E /* cap.jpg */,
				5DE442131BAE8EE500D9A44E /* car.jpg */,
				5DE442141BAE8EE500D9A44E /* carrot.jpg */,
				5DE442151BAE8EE500D9A44E /* cheese.jpg */,
				5DE442161BAE8EE500D9A44E /* cloud.jpg */,
				5DE442171BAE8EE500D9A44E /* computer.jpg */,
				5DE442181BAE8EE500D9A44E /* couch.jpg */,
				5DE442191BAE8EE500D9A44E /* drink.jpg */,
				5DE4421A1BAE8EE500D9A44E /* duck.jpg */,
				5DE4421B1BAE8EE500D9A44E /* factory.jpg */,
				5DE4421C1BAE8EE500D9A44E /* fire.jpg */,
				5DE4421D1BAE8EE500D9A44E /* flower.jpg */,
				5DE4421E1BAE8EE500D9A44E /* footprint.jpg */,
				5DE4421F1BAE8EE500D9A44E /* fork.jpg */,
				5DE442201BAE8EE500D9A44E /* fridge.jpg */,
				5DE442211BAE8EE500D9A44E /* gift.jpg */,
				5DE442221BAE8EE500D9A44E /* glasses.jpg */,
				5DE442231BAE8EE500D9A44E /* guitar.jpg */,
				5DE442241BAE8EE500D9A44E /* hammer.jpg */,
				5DE442251BAE8EE500D9A44E /* heart.jpg */,
				5DE442261BAE8EE500D9A44E /* house.jpg */,
				5DE442271BAE8EE500D9A44E /* jacket.jpg */,
				5DE442281BAE8EE500D9A44E /* map.jpg */,
				5DE442291BAE8EE500D9A44E /* microphone.jpg */,
				5DE4422A1BAE8EE500D9A44E /* moustache.jpg */,
				5DE4422B1BAE8EE500D9A44E /* music.jpg */,
				5DE4422C1BAE8EE500D9A44E /* paintbrush.jpg */,
				5DE4422D1BAE8EE500D9A44E /* pen.jpg */,
				5DE4422E1BAE8EE500D9A44E /* pencil.jpg */,
				5DE4422F1BAE8EE500D9A44E /* phone.jpg */,
				5DE442301BAE8EE500D9A44E /* purse.jpg */,
				5DE442311BAE8EE500D9A44E /* radio.jpg */,
				5DE442321BAE8EE500D9A44E /* rocket.jpg */,
				5DE442331BAE8EE500D9A44E /* ruler.jpg */,
				5DE442341BAE8EE500D9A44E /* scissors.jpg */,
				5DE442351BAE8EE500D9A44E /* screen.jpg */,
				5DE442361BAE8EE500D9A44E /* shirt.jpg */,
				5DE442371BAE8EE500D9A44E /* shoe.jpg */,
				5DE442381BAE8EE500D9A44E /* short.jpg */,
				5DE442391BAE8EE500D9A44E /* skirt.jpg */,
				5DE4423A1BAE8EE500D9A44E /* sock.jpg */,
				5DE4423B1BAE8EE500D9A44E /* star.jpg */,
				5DE4423C1BAE8EE500D9A44E /* sun.jpg */,
				5DE4423D1BAE8EE500D9A44E /* t-shirt.jpg */,
				5DE4423E1BAE8EE500D9A44E /* tie.jpg */,
				5DE4423F1BAE8EE500D9A44E /* tree.jpg */,
				5DE442401BAE8EE500D9A44E /* troussers.jpg */,
				5DE442411BAE8EE500D9A44E /* truck.jpg */,
				5DE442421BAE8EE500D9A44E /* umbrella.jpg */,
				5DE442431BAE8EE500D9A44E /* wallet.jpg */,
				5DE442441BAE8EE500D9A44E /* weather.jpg */,
			);
			name = Objects;
			sourceTree = "<group>";
		};
/* End PBXGroup section */

/* Begin PBXNativeTarget section */
		5D1C84511BADAC45009DBC9D /* Lotería */ = {
			isa = PBXNativeTarget;
			buildConfigurationList = 5D1C847A1BADAC45009DBC9D /* Build configuration list for PBXNativeTarget "Lotería" */;
			buildPhases = (
				5D1C844E1BADAC45009DBC9D /* Sources */,
				5D1C844F1BADAC45009DBC9D /* Frameworks */,
				5D1C84501BADAC45009DBC9D /* Resources */,
			);
			buildRules = (
			);
			dependencies = (
			);
			name = "Lotería";
			productName = "Lotería";
			productReference = 5D1C84521BADAC45009DBC9D /* Lotería.app */;
			productType = "com.apple.product-type.application";
		};
		5D1C84651BADAC45009DBC9D /* LoteríaTests */ = {
			isa = PBXNativeTarget;
			buildConfigurationList = 5D1C847D1BADAC45009DBC9D /* Build configuration list for PBXNativeTarget "LoteríaTests" */;
			buildPhases = (
				5D1C84621BADAC45009DBC9D /* Sources */,
				5D1C84631BADAC45009DBC9D /* Frameworks */,
				5D1C84641BADAC45009DBC9D /* Resources */,
			);
			buildRules = (
			);
			dependencies = (
				5D1C84681BADAC45009DBC9D /* PBXTargetDependency */,
			);
			name = "LoteríaTests";
			productName = "LoteríaTests";
			productReference = 5D1C84661BADAC45009DBC9D /* LoteríaTests.xctest */;
			productType = "com.apple.product-type.bundle.unit-test";
		};
		5D1C84701BADAC45009DBC9D /* LoteríaUITests */ = {
			isa = PBXNativeTarget;
			buildConfigurationList = 5D1C84801BADAC45009DBC9D /* Build configuration list for PBXNativeTarget "LoteríaUITests" */;
			buildPhases = (
				5D1C846D1BADAC45009DBC9D /* Sources */,
				5D1C846E1BADAC45009DBC9D /* Frameworks */,
				5D1C846F1BADAC45009DBC9D /* Resources */,
			);
			buildRules = (
			);
			dependencies = (
				5D1C84731BADAC45009DBC9D /* PBXTargetDependency */,
			);
			name = "LoteríaUITests";
			productName = "LoteríaUITests";
			productReference = 5D1C84711BADAC45009DBC9D /* LoteríaUITests.xctest */;
			productType = "com.apple.product-type.bundle.ui-testing";
		};
/* End PBXNativeTarget section */

/* Begin PBXProject section */
		5D1C844A1BADAC45009DBC9D /* Project object */ = {
			isa = PBXProject;
			attributes = {
				LastUpgradeCheck = 0700;
				ORGANIZATIONNAME = "Karen Rodriguez Macias";
				TargetAttributes = {
					5D1C84511BADAC45009DBC9D = {
						CreatedOnToolsVersion = 7.0;
					};
					5D1C84651BADAC45009DBC9D = {
						CreatedOnToolsVersion = 7.0;
						TestTargetID = 5D1C84511BADAC45009DBC9D;
					};
					5D1C84701BADAC45009DBC9D = {
						CreatedOnToolsVersion = 7.0;
						TestTargetID = 5D1C84511BADAC45009DBC9D;
					};
				};
			};
			buildConfigurationList = 5D1C844D1BADAC45009DBC9D /* Build configuration list for PBXProject "Lotería" */;
			compatibilityVersion = "Xcode 3.2";
			developmentRegion = English;
			hasScannedForEncodings = 0;
			knownRegions = (
				en,
				Base,
			);
			mainGroup = 5D1C84491BADAC45009DBC9D;
			productRefGroup = 5D1C84531BADAC45009DBC9D /* Products */;
			projectDirPath = "";
			projectRoot = "";
			targets = (
				5D1C84511BADAC45009DBC9D /* Lotería */,
				5D1C84651BADAC45009DBC9D /* LoteríaTests */,
				5D1C84701BADAC45009DBC9D /* LoteríaUITests */,
			);
		};
/* End PBXProject section */

/* Begin PBXResourcesBuildPhase section */
		5D1C84501BADAC45009DBC9D /* Resources */ = {
			isa = PBXResourcesBuildPhase;
			buildActionMask = 2147483647;
			files = (
				5DE442601BAE8EE500D9A44E /* hammer.jpg in Resources */,
				5DE4427A1BAE8EE500D9A44E /* tie.jpg in Resources */,
				5DE4427F1BAE8EE500D9A44E /* wallet.jpg in Resources */,
				5DE442711BAE8EE500D9A44E /* screen.jpg in Resources */,
				5DE442541BAE8EE500D9A44E /* couch.jpg in Resources */,
				5DE4425D1BAE8EE500D9A44E /* gift.jpg in Resources */,
				5DE4426A1BAE8EE500D9A44E /* pencil.jpg in Resources */,
				5DE442681BAE8EE500D9A44E /* paintbrush.jpg in Resources */,
				5D0A31401BAF4B890097DF10 /* brown.jpg in Resources */,
				5DE4427D1BAE8EE500D9A44E /* truck.jpg in Resources */,
				5DE442761BAE8EE500D9A44E /* sock.jpg in Resources */,
				5DE4425B1BAE8EE500D9A44E /* fork.jpg in Resources */,
				5DE4425A1BAE8EE500D9A44E /* footprint.jpg in Resources */,
				5D1C84601BADAC45009DBC9D /* LaunchScreen.storyboard in Resources */,
				5D0A31551BAF4BB90097DF10 /* Back1.jpg in Resources */,
				5D0A31431BAF4B890097DF10 /* orange.jpg in Resources */,
				5DE4425F1BAE8EE500D9A44E /* guitar.jpg in Resources */,
				5D0A315B1BAF4BB90097DF10 /* Partes-05.png in Resources */,
				5DE442591BAE8EE500D9A44E /* flower.jpg in Resources */,
				5DE442691BAE8EE500D9A44E /* pen.jpg in Resources */,
				5DE4425E1BAE8EE500D9A44E /* glasses.jpg in Resources */,
				5DE442561BAE8EE500D9A44E /* duck.jpg in Resources */,
				5DE442501BAE8EE500D9A44E /* carrot.jpg in Resources */,
				5DE4426C1BAE8EE500D9A44E /* purse.jpg in Resources */,
				5D0A31491BAF4B890097DF10 /* white.jpg in Resources */,
				5DE4426D1BAE8EE500D9A44E /* radio.jpg in Resources */,
				5DE442751BAE8EE500D9A44E /* skirt.jpg in Resources */,
				5DE442721BAE8EE500D9A44E /* shirt.jpg in Resources */,
				5DE442801BAE8EE500D9A44E /* weather.jpg in Resources */,
				5DE442871BAE948A00D9A44E /* pause.png in Resources */,
				5D0A315A1BAF4BB90097DF10 /* Partes-04.png in Resources */,
				5D0A31411BAF4B890097DF10 /* cherry.jpg in Resources */,
				5D0A313E1BAF4B890097DF10 /* black.jpg in Resources */,
				5DE4426F1BAE8EE500D9A44E /* ruler.jpg in Resources */,
				5D0A31561BAF4BB90097DF10 /* Button1.jpg in Resources */,
				5DE4425C1BAE8EE500D9A44E /* fridge.jpg in Resources */,
				5D0A313D1BAF4B890097DF10 /* banana.jpg in Resources */,
				5DE442581BAE8EE500D9A44E /* fire.jpg in Resources */,
				5D0A31581BAF4BB90097DF10 /* LittleIcon.jpg in Resources */,
				5DE442771BAE8EE500D9A44E /* star.jpg in Resources */,
				5D1C845D1BADAC45009DBC9D /* Assets.xcassets in Resources */,
				5D1C845B1BADAC45009DBC9D /* Main.storyboard in Resources */,
				5D0A314A1BAF4B890097DF10 /* yellow.jpg in Resources */,
				5DE4424C1BAE8EE500D9A44E /* bucketpaint.jpg in Resources */,
				5DE442741BAE8EE500D9A44E /* short.jpg in Resources */,
				5DE4427B1BAE8EE500D9A44E /* tree.jpg in Resources */,
				5DE442781BAE8EE500D9A44E /* sun.jpg in Resources */,
				5D0A313F1BAF4B890097DF10 /* blue.jpg in Resources */,
				5DE4424A1BAE8EE500D9A44E /* boot.jpg in Resources */,
				5DE4427E1BAE8EE500D9A44E /* umbrella.jpg in Resources */,
				5DE442571BAE8EE500D9A44E /* factory.jpg in Resources */,
				5DE442481BAE8EE500D9A44E /* bicycle.jpg in Resources */,
				5D0A31541BAF4BB90097DF10 /* Back.jpg in Resources */,
				5DE4424D1BAE8EE500D9A44E /* camera.jpg in Resources */,
				5DE442621BAE8EE500D9A44E /* house.jpg in Resources */,
				5DE442661BAE8EE500D9A44E /* moustache.jpg in Resources */,
				5DE4427C1BAE8EE500D9A44E /* troussers.jpg in Resources */,
				5D0A31591BAF4BB90097DF10 /* Medal.jpg in Resources */,
				5DE442791BAE8EE500D9A44E /* t-shirt.jpg in Resources */,
				5DE442611BAE8EE500D9A44E /* heart.jpg in Resources */,
				5DE442671BAE8EE500D9A44E /* music.jpg in Resources */,
				5DE442881BAE948A00D9A44E /* play.png in Resources */,
				5DE442641BAE8EE500D9A44E /* map.jpg in Resources */,
				5DE442521BAE8EE500D9A44E /* cloud.jpg in Resources */,
				5DE4424E1BAE8EE500D9A44E /* cap.jpg in Resources */,
				5DE442451BAE8EE500D9A44E /* backpack.jpg in Resources */,
				5DE442631BAE8EE500D9A44E /* jacket.jpg in Resources */,
				5D0A31481BAF4B890097DF10 /* strawberry.jpg in Resources */,
				5D0A31571BAF4BB90097DF10 /* Button2.jpg in Resources */,
				5D0A31421BAF4B890097DF10 /* green.jpg in Resources */,
				5DE4426B1BAE8EE500D9A44E /* phone.jpg in Resources */,
				5D0A31441BAF4B890097DF10 /* pineapple.jpg in Resources */,
				5D0A31461BAF4B890097DF10 /* purple.jpg in Resources */,
				5D0A31451BAF4B890097DF10 /* pink.jpg in Resources */,
				5DE442651BAE8EE500D9A44E /* microphone.jpg in Resources */,
				5DE442511BAE8EE500D9A44E /* cheese.jpg in Resources */,
				5DE442531BAE8EE500D9A44E /* computer.jpg in Resources */,
				5DE4424B1BAE8EE500D9A44E /* brush.jpg in Resources */,
				5DE4426E1BAE8EE500D9A44E /* rocket.jpg in Resources */,
				5D0A313C1BAF4B890097DF10 /* apple.jpg in Resources */,
				5DE4424F1BAE8EE500D9A44E /* car.jpg in Resources */,
				5DE442471BAE8EE500D9A44E /* bell.jpg in Resources */,
				5DE442701BAE8EE500D9A44E /* scissors.jpg in Resources */,
				5DE442491BAE8EE500D9A44E /* books.jpg in Resources */,
				5DE442551BAE8EE500D9A44E /* drink.jpg in Resources */,
				5D0A31471BAF4B890097DF10 /* red.jpg in Resources */,
				5DE442731BAE8EE500D9A44E /* shoe.jpg in Resources */,
				5DE442461BAE8EE500D9A44E /* ball.jpg in Resources */,
			);
			runOnlyForDeploymentPostprocessing = 0;
		};
		5D1C84641BADAC45009DBC9D /* Resources */ = {
			isa = PBXResourcesBuildPhase;
			buildActionMask = 2147483647;
			files = (
			);
			runOnlyForDeploymentPostprocessing = 0;
		};
		5D1C846F1BADAC45009DBC9D /* Resources */ = {
			isa = PBXResourcesBuildPhase;
			buildActionMask = 2147483647;
			files = (
			);
			runOnlyForDeploymentPostprocessing = 0;
		};
/* End PBXResourcesBuildPhase section */

/* Begin PBXSourcesBuildPhase section */
		5D1C844E1BADAC45009DBC9D /* Sources */ = {
			isa = PBXSourcesBuildPhase;
			buildActionMask = 2147483647;
			files = (
				5D1C84581BADAC45009DBC9D /* ViewController.swift in Sources */,
				5DE54B7F1BADDD5800689644 /* VoiceViewController.swift in Sources */,
				5DBEF2371BAF29BB005DF252 /* CategoriesViewController.swift in Sources */,
				5D1C84561BADAC45009DBC9D /* AppDelegate.swift in Sources */,
				5D46CED31BADF2AA00E6FC10 /* PlayerViewController.swift in Sources */,
			);
			runOnlyForDeploymentPostprocessing = 0;
		};
		5D1C84621BADAC45009DBC9D /* Sources */ = {
			isa = PBXSourcesBuildPhase;
			buildActionMask = 2147483647;
			files = (
				5D1C846B1BADAC45009DBC9D /* Loteri_aTests.swift in Sources */,
			);
			runOnlyForDeploymentPostprocessing = 0;
		};
		5D1C846D1BADAC45009DBC9D /* Sources */ = {
			isa = PBXSourcesBuildPhase;
			buildActionMask = 2147483647;
			files = (
				5D1C84761BADAC45009DBC9D /* Loteri_aUITests.swift in Sources */,
			);
			runOnlyForDeploymentPostprocessing = 0;
		};
/* End PBXSourcesBuildPhase section */

/* Begin PBXTargetDependency section */
		5D1C84681BADAC45009DBC9D /* PBXTargetDependency */ = {
			isa = PBXTargetDependency;
			target = 5D1C84511BADAC45009DBC9D /* Lotería */;
			targetProxy = 5D1C84671BADAC45009DBC9D /* PBXContainerItemProxy */;
		};
		5D1C84731BADAC45009DBC9D /* PBXTargetDependency */ = {
			isa = PBXTargetDependency;
			target = 5D1C84511BADAC45009DBC9D /* Lotería */;
			targetProxy = 5D1C84721BADAC45009DBC9D /* PBXContainerItemProxy */;
		};
/* End PBXTargetDependency section */

/* Begin PBXVariantGroup section */
		5D1C84591BADAC45009DBC9D /* Main.storyboard */ = {
			isa = PBXVariantGroup;
			children = (
				5D1C845A1BADAC45009DBC9D /* Base */,
			);
			name = Main.storyboard;
			sourceTree = "<group>";
		};
		5D1C845E1BADAC45009DBC9D /* LaunchScreen.storyboard */ = {
			isa = PBXVariantGroup;
			children = (
				5D1C845F1BADAC45009DBC9D /* Base */,
			);
			name = LaunchScreen.storyboard;
			sourceTree = "<group>";
		};
/* End PBXVariantGroup section */

/* Begin XCBuildConfiguration section */
		5D1C84781BADAC45009DBC9D /* Debug */ = {
			isa = XCBuildConfiguration;
			buildSettings = {
				ALWAYS_SEARCH_USER_PATHS = NO;
				CLANG_CXX_LANGUAGE_STANDARD = "gnu++0x";
				CLANG_CXX_LIBRARY = "libc++";
				CLANG_ENABLE_MODULES = YES;
				CLANG_ENABLE_OBJC_ARC = YES;
				CLANG_WARN_BOOL_CONVERSION = YES;
				CLANG_WARN_CONSTANT_CONVERSION = YES;
				CLANG_WARN_DIRECT_OBJC_ISA_USAGE = YES_ERROR;
				CLANG_WARN_EMPTY_BODY = YES;
				CLANG_WARN_ENUM_CONVERSION = YES;
				CLANG_WARN_INT_CONVERSION = YES;
				CLANG_WARN_OBJC_ROOT_CLASS = YES_ERROR;
				CLANG_WARN_UNREACHABLE_CODE = YES;
				CLANG_WARN__DUPLICATE_METHOD_MATCH = YES;
				"CODE_SIGN_IDENTITY[sdk=iphoneos*]" = "iPhone Developer";
				COPY_PHASE_STRIP = NO;
				DEBUG_INFORMATION_FORMAT = dwarf;
				ENABLE_STRICT_OBJC_MSGSEND = YES;
				ENABLE_TESTABILITY = YES;
				GCC_C_LANGUAGE_STANDARD = gnu99;
				GCC_DYNAMIC_NO_PIC = NO;
				GCC_NO_COMMON_BLOCKS = YES;
				GCC_OPTIMIZATION_LEVEL = 0;
				GCC_PREPROCESSOR_DEFINITIONS = (
					"DEBUG=1",
					"$(inherited)",
				);
				GCC_WARN_64_TO_32_BIT_CONVERSION = YES;
				GCC_WARN_ABOUT_RETURN_TYPE = YES_ERROR;
				GCC_WARN_UNDECLARED_SELECTOR = YES;
				GCC_WARN_UNINITIALIZED_AUTOS = YES_AGGRESSIVE;
				GCC_WARN_UNUSED_FUNCTION = YES;
				GCC_WARN_UNUSED_VARIABLE = YES;
				IPHONEOS_DEPLOYMENT_TARGET = 9.0;
				MTL_ENABLE_DEBUG_INFO = YES;
				ONLY_ACTIVE_ARCH = YES;
				SDKROOT = iphoneos;
				SWIFT_OPTIMIZATION_LEVEL = "-Onone";
			};
			name = Debug;
		};
		5D1C84791BADAC45009DBC9D /* Release */ = {
			isa = XCBuildConfiguration;
			buildSettings = {
				ALWAYS_SEARCH_USER_PATHS = NO;
				CLANG_CXX_LANGUAGE_STANDARD = "gnu++0x";
				CLANG_CXX_LIBRARY = "libc++";
				CLANG_ENABLE_MODULES = YES;
				CLANG_ENABLE_OBJC_ARC = YES;
				CLANG_WARN_BOOL_CONVERSION = YES;
				CLANG_WARN_CONSTANT_CONVERSION = YES;
				CLANG_WARN_DIRECT_OBJC_ISA_USAGE = YES_ERROR;
				CLANG_WARN_EMPTY_BODY = YES;
				CLANG_WARN_ENUM_CONVERSION = YES;
				CLANG_WARN_INT_CONVERSION = YES;
				CLANG_WARN_OBJC_ROOT_CLASS = YES_ERROR;
				CLANG_WARN_UNREACHABLE_CODE = YES;
				CLANG_WARN__DUPLICATE_METHOD_MATCH = YES;
				"CODE_SIGN_IDENTITY[sdk=iphoneos*]" = "iPhone Developer";
				COPY_PHASE_STRIP = NO;
				DEBUG_INFORMATION_FORMAT = "dwarf-with-dsym";
				ENABLE_NS_ASSERTIONS = NO;
				ENABLE_STRICT_OBJC_MSGSEND = YES;
				GCC_C_LANGUAGE_STANDARD = gnu99;
				GCC_NO_COMMON_BLOCKS = YES;
				GCC_WARN_64_TO_32_BIT_CONVERSION = YES;
				GCC_WARN_ABOUT_RETURN_TYPE = YES_ERROR;
				GCC_WARN_UNDECLARED_SELECTOR = YES;
				GCC_WARN_UNINITIALIZED_AUTOS = YES_AGGRESSIVE;
				GCC_WARN_UNUSED_FUNCTION = YES;
				GCC_WARN_UNUSED_VARIABLE = YES;
				IPHONEOS_DEPLOYMENT_TARGET = 9.0;
				MTL_ENABLE_DEBUG_INFO = NO;
				SDKROOT = iphoneos;
				VALIDATE_PRODUCT = YES;
			};
			name = Release;
		};
		5D1C847B1BADAC45009DBC9D /* Debug */ = {
			isa = XCBuildConfiguration;
			buildSettings = {
				ASSETCATALOG_COMPILER_APPICON_NAME = AppIcon;
				INFOPLIST_FILE = "Lotería/Info.plist";
				LD_RUNPATH_SEARCH_PATHS = "$(inherited) @executable_path/Frameworks";
				PRODUCT_BUNDLE_IDENTIFIER = "unam.mobile.Loteri-a";
				PRODUCT_NAME = "$(TARGET_NAME)";
			};
			name = Debug;
		};
		5D1C847C1BADAC45009DBC9D /* Release */ = {
			isa = XCBuildConfiguration;
			buildSettings = {
				ASSETCATALOG_COMPILER_APPICON_NAME = AppIcon;
				INFOPLIST_FILE = "Lotería/Info.plist";
				LD_RUNPATH_SEARCH_PATHS = "$(inherited) @executable_path/Frameworks";
				PRODUCT_BUNDLE_IDENTIFIER = "unam.mobile.Loteri-a";
				PRODUCT_NAME = "$(TARGET_NAME)";
			};
			name = Release;
		};
		5D1C847E1BADAC45009DBC9D /* Debug */ = {
			isa = XCBuildConfiguration;
			buildSettings = {
				BUNDLE_LOADER = "$(TEST_HOST)";
				INFOPLIST_FILE = "LoteríaTests/Info.plist";
				LD_RUNPATH_SEARCH_PATHS = "$(inherited) @executable_path/Frameworks @loader_path/Frameworks";
				PRODUCT_BUNDLE_IDENTIFIER = "unam.mobile.Loteri-aTests";
				PRODUCT_NAME = "$(TARGET_NAME)";
				TEST_HOST = "$(BUILT_PRODUCTS_DIR)/Lotería.app/Lotería";
			};
			name = Debug;
		};
		5D1C847F1BADAC45009DBC9D /* Release */ = {
			isa = XCBuildConfiguration;
			buildSettings = {
				BUNDLE_LOADER = "$(TEST_HOST)";
				INFOPLIST_FILE = "LoteríaTests/Info.plist";
				LD_RUNPATH_SEARCH_PATHS = "$(inherited) @executable_path/Frameworks @loader_path/Frameworks";
				PRODUCT_BUNDLE_IDENTIFIER = "unam.mobile.Loteri-aTests";
				PRODUCT_NAME = "$(TARGET_NAME)";
				TEST_HOST = "$(BUILT_PRODUCTS_DIR)/Lotería.app/Lotería";
			};
			name = Release;
		};
		5D1C84811BADAC45009DBC9D /* Debug */ = {
			isa = XCBuildConfiguration;
			buildSettings = {
				INFOPLIST_FILE = "LoteríaUITests/Info.plist";
				LD_RUNPATH_SEARCH_PATHS = "$(inherited) @executable_path/Frameworks @loader_path/Frameworks";
				PRODUCT_BUNDLE_IDENTIFIER = "unam.mobile.Loteri-aUITests";
				PRODUCT_NAME = "$(TARGET_NAME)";
				TEST_TARGET_NAME = "Lotería";
				USES_XCTRUNNER = YES;
			};
			name = Debug;
		};
		5D1C84821BADAC45009DBC9D /* Release */ = {
			isa = XCBuildConfiguration;
			buildSettings = {
				INFOPLIST_FILE = "LoteríaUITests/Info.plist";
				LD_RUNPATH_SEARCH_PATHS = "$(inherited) @executable_path/Frameworks @loader_path/Frameworks";
				PRODUCT_BUNDLE_IDENTIFIER = "unam.mobile.Loteri-aUITests";
				PRODUCT_NAME = "$(TARGET_NAME)";
				TEST_TARGET_NAME = "Lotería";
				USES_XCTRUNNER = YES;
			};
			name = Release;
		};
/* End XCBuildConfiguration section */

/* Begin XCConfigurationList section */
		5D1C844D1BADAC45009DBC9D /* Build configuration list for PBXProject "Lotería" */ = {
			isa = XCConfigurationList;
			buildConfigurations = (
				5D1C84781BADAC45009DBC9D /* Debug */,
				5D1C84791BADAC45009DBC9D /* Release */,
			);
			defaultConfigurationIsVisible = 0;
			defaultConfigurationName = Release;
		};
		5D1C847A1BADAC45009DBC9D /* Build configuration list for PBXNativeTarget "Lotería" */ = {
			isa = XCConfigurationList;
			buildConfigurations = (
				5D1C847B1BADAC45009DBC9D /* Debug */,
				5D1C847C1BADAC45009DBC9D /* Release */,
			);
			defaultConfigurationIsVisible = 0;
			defaultConfigurationName = Release;
		};
		5D1C847D1BADAC45009DBC9D /* Build configuration list for PBXNativeTarget "LoteríaTests" */ = {
			isa = XCConfigurationList;
			buildConfigurations = (
				5D1C847E1BADAC45009DBC9D /* Debug */,
				5D1C847F1BADAC45009DBC9D /* Release */,
			);
			defaultConfigurationIsVisible = 0;
			defaultConfigurationName = Release;
		};
		5D1C84801BADAC45009DBC9D /* Build configuration list for PBXNativeTarget "LoteríaUITests" */ = {
			isa = XCConfigurationList;
			buildConfigurations = (
				5D1C84811BADAC45009DBC9D /* Debug */,
				5D1C84821BADAC45009DBC9D /* Release */,
			);
			defaultConfigurationIsVisible = 0;
			defaultConfigurationName = Release;
		};
/* End XCConfigurationList section */
	};
	rootObject = 5D1C844A1BADAC45009DBC9D /* Project object */;
}
